
Microsoft Visual Studio Solution File, Format Version 12.00
# Visual Studio Version 17
VisualStudioVersion = 17.8.34309.116
MinimumVisualStudioVersion = 10.0.40219.1
Project("{9A19103F-16F7-4668-BE54-9A1E7A4F7556}") = "ClipboardCanvas.WinUI", "src\ClipboardCanvas.WinUI\ClipboardCanvas.WinUI.csproj", "{31DB0DD6-A5F4-4620-8AE9-5DAD218E9F76}"
EndProject
Project("{2150E333-8FDC-42A3-9474-1A3956D46DE8}") = "src", "src", "{18CB587D-DFE1-4C01-92E5-7FDBE43BBEFF}"
EndProject
Project("{2150E333-8FDC-42A3-9474-1A3956D46DE8}") = "Sdk", "Sdk", "{595861A4-F6B2-4231-816B-21EB0BEE71CB}"
EndProject
Project("{2150E333-8FDC-42A3-9474-1A3956D46DE8}") = "Platforms", "Platforms", "{E216C759-D5F9-4DC0-B48B-A5D68394A5F4}"
EndProject
Project("{FAE04EC0-301F-11D3-BF4B-00C04F79EFBC}") = "ClipboardCanvas.Sdk", "ClipboardCanvas.Sdk\ClipboardCanvas.Sdk.csproj", "{0C11D681-11A3-4074-AE57-57734A138473}"
EndProject
Project("{FAE04EC0-301F-11D3-BF4B-00C04F79EFBC}") = "ClipboardCanvas.UI", "ClipboardCanvas.UI\ClipboardCanvas.UI.csproj", "{FECB96DE-B383-4A58-92B7-6B35DDC64A66}"
EndProject
Project("{FAE04EC0-301F-11D3-BF4B-00C04F79EFBC}") = "ClipboardCanvas.Shared", "ClipboardCanvas.Shared\ClipboardCanvas.Shared.csproj", "{8278EA42-4458-4144-9815-D2C7CE5D8183}"
EndProject
Global
	GlobalSection(SolutionConfigurationPlatforms) = preSolution
		Debug|Any CPU = Debug|Any CPU
		Debug|ARM64 = Debug|ARM64
		Debug|x64 = Debug|x64
		Debug|x86 = Debug|x86
		Release|Any CPU = Release|Any CPU
		Release|ARM64 = Release|ARM64
		Release|x64 = Release|x64
		Release|x86 = Release|x86
	EndGlobalSection
	GlobalSection(ProjectConfigurationPlatforms) = postSolution
		{31DB0DD6-A5F4-4620-8AE9-5DAD218E9F76}.Debug|Any CPU.ActiveCfg = Debug|x64
		{31DB0DD6-A5F4-4620-8AE9-5DAD218E9F76}.Debug|Any CPU.Build.0 = Debug|x64
		{31DB0DD6-A5F4-4620-8AE9-5DAD218E9F76}.Debug|Any CPU.Deploy.0 = Debug|x64
		{31DB0DD6-A5F4-4620-8AE9-5DAD218E9F76}.Debug|ARM64.ActiveCfg = Debug|ARM64
		{31DB0DD6-A5F4-4620-8AE9-5DAD218E9F76}.Debug|ARM64.Build.0 = Debug|ARM64
		{31DB0DD6-A5F4-4620-8AE9-5DAD218E9F76}.Debug|ARM64.Deploy.0 = Debug|ARM64
		{31DB0DD6-A5F4-4620-8AE9-5DAD218E9F76}.Debug|x64.ActiveCfg = Debug|x64
		{31DB0DD6-A5F4-4620-8AE9-5DAD218E9F76}.Debug|x64.Build.0 = Debug|x64
		{31DB0DD6-A5F4-4620-8AE9-5DAD218E9F76}.Debug|x64.Deploy.0 = Debug|x64
		{31DB0DD6-A5F4-4620-8AE9-5DAD218E9F76}.Debug|x86.ActiveCfg = Debug|x86
		{31DB0DD6-A5F4-4620-8AE9-5DAD218E9F76}.Debug|x86.Build.0 = Debug|x86
		{31DB0DD6-A5F4-4620-8AE9-5DAD218E9F76}.Debug|x86.Deploy.0 = Debug|x86
		{31DB0DD6-A5F4-4620-8AE9-5DAD218E9F76}.Release|Any CPU.ActiveCfg = Release|x64
		{31DB0DD6-A5F4-4620-8AE9-5DAD218E9F76}.Release|Any CPU.Build.0 = Release|x64
		{31DB0DD6-A5F4-4620-8AE9-5DAD218E9F76}.Release|Any CPU.Deploy.0 = Release|x64
		{31DB0DD6-A5F4-4620-8AE9-5DAD218E9F76}.Release|ARM64.ActiveCfg = Release|ARM64
		{31DB0DD6-A5F4-4620-8AE9-5DAD218E9F76}.Release|ARM64.Build.0 = Release|ARM64
		{31DB0DD6-A5F4-4620-8AE9-5DAD218E9F76}.Release|ARM64.Deploy.0 = Release|ARM64
		{31DB0DD6-A5F4-4620-8AE9-5DAD218E9F76}.Release|x64.ActiveCfg = Release|x64
		{31DB0DD6-A5F4-4620-8AE9-5DAD218E9F76}.Release|x64.Build.0 = Release|x64
		{31DB0DD6-A5F4-4620-8AE9-5DAD218E9F76}.Release|x64.Deploy.0 = Release|x64
		{31DB0DD6-A5F4-4620-8AE9-5DAD218E9F76}.Release|x86.ActiveCfg = Release|x86
		{31DB0DD6-A5F4-4620-8AE9-5DAD218E9F76}.Release|x86.Build.0 = Release|x86
		{31DB0DD6-A5F4-4620-8AE9-5DAD218E9F76}.Release|x86.Deploy.0 = Release|x86
		{0C11D681-11A3-4074-AE57-57734A138473}.Debug|Any CPU.ActiveCfg = Debug|Any CPU
		{0C11D681-11A3-4074-AE57-57734A138473}.Debug|Any CPU.Build.0 = Debug|Any CPU
		{0C11D681-11A3-4074-AE57-57734A138473}.Debug|ARM64.ActiveCfg = Debug|Any CPU
		{0C11D681-11A3-4074-AE57-57734A138473}.Debug|ARM64.Build.0 = Debug|Any CPU
		{0C11D681-11A3-4074-AE57-57734A138473}.Debug|x64.ActiveCfg = Debug|Any CPU
		{0C11D681-11A3-4074-AE57-57734A138473}.Debug|x64.Build.0 = Debug|Any CPU
		{0C11D681-11A3-4074-AE57-57734A138473}.Debug|x86.ActiveCfg = Debug|Any CPU
		{0C11D681-11A3-4074-AE57-57734A138473}.Debug|x86.Build.0 = Debug|Any CPU
		{0C11D681-11A3-4074-AE57-57734A138473}.Release|Any CPU.ActiveCfg = Release|Any CPU
		{0C11D681-11A3-4074-AE57-57734A138473}.Release|Any CPU.Build.0 = Release|Any CPU
		{0C11D681-11A3-4074-AE57-57734A138473}.Release|ARM64.ActiveCfg = Release|Any CPU
		{0C11D681-11A3-4074-AE57-57734A138473}.Release|ARM64.Build.0 = Release|Any CPU
		{0C11D681-11A3-4074-AE57-57734A138473}.Release|x64.ActiveCfg = Release|Any CPU
		{0C11D681-11A3-4074-AE57-57734A138473}.Release|x64.Build.0 = Release|Any CPU
		{0C11D681-11A3-4074-AE57-57734A138473}.Release|x86.ActiveCfg = Release|Any CPU
		{0C11D681-11A3-4074-AE57-57734A138473}.Release|x86.Build.0 = Release|Any CPU
		{FECB96DE-B383-4A58-92B7-6B35DDC64A66}.Debug|Any CPU.ActiveCfg = Debug|Any CPU
		{FECB96DE-B383-4A58-92B7-6B35DDC64A66}.Debug|Any CPU.Build.0 = Debug|Any CPU
		{FECB96DE-B383-4A58-92B7-6B35DDC64A66}.Debug|ARM64.ActiveCfg = Debug|Any CPU
		{FECB96DE-B383-4A58-92B7-6B35DDC64A66}.Debug|ARM64.Build.0 = Debug|Any CPU
		{FECB96DE-B383-4A58-92B7-6B35DDC64A66}.Debug|x64.ActiveCfg = Debug|Any CPU
		{FECB96DE-B383-4A58-92B7-6B35DDC64A66}.Debug|x64.Build.0 = Debug|Any CPU
		{FECB96DE-B383-4A58-92B7-6B35DDC64A66}.Debug|x86.ActiveCfg = Debug|Any CPU
		{FECB96DE-B383-4A58-92B7-6B35DDC64A66}.Debug|x86.Build.0 = Debug|Any CPU
		{FECB96DE-B383-4A58-92B7-6B35DDC64A66}.Release|Any CPU.ActiveCfg = Release|Any CPU
		{FECB96DE-B383-4A58-92B7-6B35DDC64A66}.Release|Any CPU.Build.0 = Release|Any CPU
		{FECB96DE-B383-4A58-92B7-6B35DDC64A66}.Release|ARM64.ActiveCfg = Release|Any CPU
		{FECB96DE-B383-4A58-92B7-6B35DDC64A66}.Release|ARM64.Build.0 = Release|Any CPU
		{FECB96DE-B383-4A58-92B7-6B35DDC64A66}.Release|x64.ActiveCfg = Release|Any CPU
		{FECB96DE-B383-4A58-92B7-6B35DDC64A66}.Release|x64.Build.0 = Release|Any CPU
		{FECB96DE-B383-4A58-92B7-6B35DDC64A66}.Release|x86.ActiveCfg = Release|Any CPU
		{FECB96DE-B383-4A58-92B7-6B35DDC64A66}.Release|x86.Build.0 = Release|Any CPU
		{8278EA42-4458-4144-9815-D2C7CE5D8183}.Debug|Any CPU.ActiveCfg = Debug|Any CPU
		{8278EA42-4458-4144-9815-D2C7CE5D8183}.Debug|Any CPU.Build.0 = Debug|Any CPU
		{8278EA42-4458-4144-9815-D2C7CE5D8183}.Debug|ARM64.ActiveCfg = Debug|Any CPU
		{8278EA42-4458-4144-9815-D2C7CE5D8183}.Debug|ARM64.Build.0 = Debug|Any CPU
		{8278EA42-4458-4144-9815-D2C7CE5D8183}.Debug|x64.ActiveCfg = Debug|Any CPU
		{8278EA42-4458-4144-9815-D2C7CE5D8183}.Debug|x64.Build.0 = Debug|Any CPU
		{8278EA42-4458-4144-9815-D2C7CE5D8183}.Debug|x86.ActiveCfg = Debug|Any CPU
		{8278EA42-4458-4144-9815-D2C7CE5D8183}.Debug|x86.Build.0 = Debug|Any CPU
		{8278EA42-4458-4144-9815-D2C7CE5D8183}.Release|Any CPU.ActiveCfg = Release|Any CPU
		{8278EA42-4458-4144-9815-D2C7CE5D8183}.Release|Any CPU.Build.0 = Release|Any CPU
		{8278EA42-4458-4144-9815-D2C7CE5D8183}.Release|ARM64.ActiveCfg = Release|Any CPU
		{8278EA42-4458-4144-9815-D2C7CE5D8183}.Release|ARM64.Build.0 = Release|Any CPU
		{8278EA42-4458-4144-9815-D2C7CE5D8183}.Release|x64.ActiveCfg = Release|Any CPU
		{8278EA42-4458-4144-9815-D2C7CE5D8183}.Release|x64.Build.0 = Release|Any CPU
		{8278EA42-4458-4144-9815-D2C7CE5D8183}.Release|x86.ActiveCfg = Release|Any CPU
		{8278EA42-4458-4144-9815-D2C7CE5D8183}.Release|x86.Build.0 = Release|Any CPU
	EndGlobalSection
	GlobalSection(SolutionProperties) = preSolution
		HideSolutionNode = FALSE
	EndGlobalSection
	GlobalSection(NestedProjects) = preSolution
		{31DB0DD6-A5F4-4620-8AE9-5DAD218E9F76} = {E216C759-D5F9-4DC0-B48B-A5D68394A5F4}
		{595861A4-F6B2-4231-816B-21EB0BEE71CB} = {18CB587D-DFE1-4C01-92E5-7FDBE43BBEFF}
		{E216C759-D5F9-4DC0-B48B-A5D68394A5F4} = {18CB587D-DFE1-4C01-92E5-7FDBE43BBEFF}
		{0C11D681-11A3-4074-AE57-57734A138473} = {595861A4-F6B2-4231-816B-21EB0BEE71CB}
		{FECB96DE-B383-4A58-92B7-6B35DDC64A66} = {E216C759-D5F9-4DC0-B48B-A5D68394A5F4}
		{8278EA42-4458-4144-9815-D2C7CE5D8183} = {595861A4-F6B2-4231-816B-21EB0BEE71CB}
	EndGlobalSection
	GlobalSection(ExtensibilityGlobals) = postSolution
		SolutionGuid = {A79E5126-51C1-4BE8-8CFD-1CD4482CF341}
	EndGlobalSection
EndGlobal
